// !$*UTF8*$!
{
	archiveVersion = 1;
	classes = {
	};
	objectVersion = 46;
	objects = {

/* Begin PBXBuildFile section */
		E3E02D4A1B211D7F0006C843 /* AppDelegate.swift in Sources */ = {isa = PBXBuildFile; fileRef = E3E02D491B211D7F0006C843 /* AppDelegate.swift */; };
		E3E02D4C1B211D7F0006C843 /* ViewController.swift in Sources */ = {isa = PBXBuildFile; fileRef = E3E02D4B1B211D7F0006C843 /* ViewController.swift */; };
		E3E02D4F1B211D7F0006C843 /* Main.storyboard in Resources */ = {isa = PBXBuildFile; fileRef = E3E02D4D1B211D7F0006C843 /* Main.storyboard */; };
		E3E02D511B211D7F0006C843 /* Images.xcassets in Resources */ = {isa = PBXBuildFile; fileRef = E3E02D501B211D7F0006C843 /* Images.xcassets */; };
		E3E02D541B211D7F0006C843 /* LaunchScreen.xib in Resources */ = {isa = PBXBuildFile; fileRef = E3E02D521B211D7F0006C843 /* LaunchScreen.xib */; };
		E3E02D601B211D7F0006C843 /* E_TableViewTests.swift in Sources */ = {isa = PBXBuildFile; fileRef = E3E02D5F1B211D7F0006C843 /* E_TableViewTests.swift */; };
/* End PBXBuildFile section */

/* Begin PBXContainerItemProxy section */
		E3E02D5A1B211D7F0006C843 /* PBXContainerItemProxy */ = {
			isa = PBXContainerItemProxy;
			containerPortal = E3E02D3C1B211D7E0006C843 /* Project object */;
			proxyType = 1;
			remoteGlobalIDString = E3E02D431B211D7E0006C843;
			remoteInfo = E_TableView;
		};
/* End PBXContainerItemProxy section */

/* Begin PBXFileReference section */
		E3E02D441B211D7F0006C843 /* E_TableView.app */ = {isa = PBXFileReference; explicitFileType = wrapper.application; includeInIndex = 0; path = E_TableView.app; sourceTree = BUILT_PRODUCTS_DIR; };
		E3E02D481B211D7F0006C843 /* Info.plist */ = {isa = PBXFileReference; lastKnownFileType = text.plist.xml; path = Info.plist; sourceTree = "<group>"; };
		E3E02D491B211D7F0006C843 /* AppDelegate.swift */ = {isa = PBXFileReference; lastKnownFileType = sourcecode.swift; path = AppDelegate.swift; sourceTree = "<group>"; };
		E3E02D4B1B211D7F0006C843 /* ViewController.swift */ = {isa = PBXFileReference; lastKnownFileType = sourcecode.swift; path = ViewController.swift; sourceTree = "<group>"; };
		E3E02D4E1B211D7F0006C843 /* Base */ = {isa = PBXFileReference; lastKnownFileType = file.storyboard; name = Base; path = Base.lproj/Main.storyboard; sourceTree = "<group>"; };
		E3E02D501B211D7F0006C843 /* Images.xcassets */ = {isa = PBXFileReference; lastKnownFileType = folder.assetcatalog; path = Images.xcassets; sourceTree = "<group>"; };
		E3E02D531B211D7F0006C843 /* Base */ = {isa = PBXFileReference; lastKnownFileType = file.xib; name = Base; path = Base.lproj/LaunchScreen.xib; sourceTree = "<group>"; };
		E3E02D591B211D7F0006C843 /* E_TableViewTests.xctest */ = {isa = PBXFileReference; explicitFileType = wrapper.cfbundle; includeInIndex = 0; path = E_TableViewTests.xctest; sourceTree = BUILT_PRODUCTS_DIR; };
		E3E02D5E1B211D7F0006C843 /* Info.plist */ = {isa = PBXFileReference; lastKnownFileType = text.plist.xml; path = Info.plist; sourceTree = "<group>"; };
		E3E02D5F1B211D7F0006C843 /* E_TableViewTests.swift */ = {isa = PBXFileReference; lastKnownFileType = sourcecode.swift; path = E_TableViewTests.swift; sourceTree = "<group>"; };
/* End PBXFileReference section */

/* Begin PBXFrameworksBuildPhase section */
		E3E02D411B211D7E0006C843 /* Frameworks */ = {
			isa = PBXFrameworksBuildPhase;
			buildActionMask = 2147483647;
			files = (
			);
			runOnlyForDeploymentPostprocessing = 0;
		};
		E3E02D561B211D7F0006C843 /* Frameworks */ = {
			isa = PBXFrameworksBuildPhase;
			buildActionMask = 2147483647;
			files = (
			);
			runOnlyForDeploymentPostprocessing = 0;
		};
/* End PBXFrameworksBuildPhase section */

/* Begin PBXGroup section */
		E3E02D3B1B211D7E0006C843 = {
			isa = PBXGroup;
			children = (
				E3E02D461B211D7F0006C843 /* E_TableView */,
				E3E02D5C1B211D7F0006C843 /* E_TableViewTests */,
				E3E02D451B211D7F0006C843 /* Products */,
			);
			sourceTree = "<group>";
		};
		E3E02D451B211D7F0006C843 /* Products */ = {
			isa = PBXGroup;
			children = (
				E3E02D441B211D7F0006C843 /* E_TableView.app */,
				E3E02D591B211D7F0006C843 /* E_TableViewTests.xctest */,
			);
			name = Products;
			sourceTree = "<group>";
		};
		E3E02D461B211D7F0006C843 /* E_TableView */ = {
			isa = PBXGroup;
			children = (
				E3E02D491B211D7F0006C843 /* AppDelegate.swift */,
				E3E02D4B1B211D7F0006C843 /* ViewController.swift */,
				E3E02D4D1B211D7F0006C843 /* Main.storyboard */,
				E3E02D501B211D7F0006C843 /* Images.xcassets */,
				E3E02D521B211D7F0006C843 /* LaunchScreen.xib */,
				E3E02D471B211D7F0006C843 /* Supporting Files */,
			);
			path = E_TableView;
			sourceTree = "<group>";
		};
		E3E02D471B211D7F0006C843 /* Supporting Files */ = {
			isa = PBXGroup;
			children = (
				E3E02D481B211D7F0006C843 /* Info.plist */,
			);
			name = "Supporting Files";
			sourceTree = "<group>";
		};
		E3E02D5C1B211D7F0006C843 /* E_TableViewTests */ = {
			isa = PBXGroup;
			children = (
				E3E02D5F1B211D7F0006C843 /* E_TableViewTests.swift */,
				E3E02D5D1B211D7F0006C843 /* Supporting Files */,
			);
			path = E_TableViewTests;
			sourceTree = "<group>";
		};
		E3E02D5D1B211D7F0006C843 /* Supporting Files */ = {
			isa = PBXGroup;
			children = (
				E3E02D5E1B211D7F0006C843 /* Info.plist */,
			);
			name = "Supporting Files";
			sourceTree = "<group>";
		};
/* End PBXGroup section */

/* Begin PBXNativeTarget section */
		E3E02D431B211D7E0006C843 /* E_TableView */ = {
			isa = PBXNativeTarget;
			buildConfigurationList = E3E02D631B211D7F0006C843 /* Build configuration list for PBXNativeTarget "E_TableView" */;
			buildPhases = (
				E3E02D401B211D7E0006C843 /* Sources */,
				E3E02D411B211D7E0006C843 /* Frameworks */,
				E3E02D421B211D7E0006C843 /* Resources */,
			);
			buildRules = (
			);
			dependencies = (
			);
			name = E_TableView;
			productName = E_TableView;
			productReference = E3E02D441B211D7F0006C843 /* E_TableView.app */;
			productType = "com.apple.product-type.application";
		};
		E3E02D581B211D7F0006C843 /* E_TableViewTests */ = {
			isa = PBXNativeTarget;
			buildConfigurationList = E3E02D661B211D7F0006C843 /* Build configuration list for PBXNativeTarget "E_TableViewTests" */;
			buildPhases = (
				E3E02D551B211D7F0006C843 /* Sources */,
				E3E02D561B211D7F0006C843 /* Frameworks */,
				E3E02D571B211D7F0006C843 /* Resources */,
			);
			buildRules = (
			);
			dependencies = (
				E3E02D5B1B211D7F0006C843 /* PBXTargetDependency */,
			);
			name = E_TableViewTests;
			productName = E_TableViewTests;
			productReference = E3E02D591B211D7F0006C843 /* E_TableViewTests.xctest */;
			productType = "com.apple.product-type.bundle.unit-test";
		};
/* End PBXNativeTarget section */

/* Begin PBXProject section */
		E3E02D3C1B211D7E0006C843 /* Project object */ = {
			isa = PBXProject;
			attributes = {
				LastUpgradeCheck = 0610;
				ORGANIZATIONNAME = MobileLab;
				TargetAttributes = {
					E3E02D431B211D7E0006C843 = {
						CreatedOnToolsVersion = 6.1.1;
					};
					E3E02D581B211D7F0006C843 = {
						CreatedOnToolsVersion = 6.1.1;
						TestTargetID = E3E02D431B211D7E0006C843;
					};
				};
			};
			buildConfigurationList = E3E02D3F1B211D7E0006C843 /* Build configuration list for PBXProject "E_TableView" */;
			compatibilityVersion = "Xcode 3.2";
			developmentRegion = English;
			hasScannedForEncodings = 0;
			knownRegions = (
				en,
				Base,
			);
			mainGroup = E3E02D3B1B211D7E0006C843;
			productRefGroup = E3E02D451B211D7F0006C843 /* Products */;
			projectDirPath = "";
			projectRoot = "";
			targets = (
				E3E02D431B211D7E0006C843 /* E_TableView */,
				E3E02D581B211D7F0006C843 /* E_TableViewTests */,
			);
		};
/* End PBXProject section */

/* Begin PBXResourcesBuildPhase section */
		E3E02D421B211D7E0006C843 /* Resources */ = {
			isa = PBXResourcesBuildPhase;
			buildActionMask = 2147483647;
			files = (
				E3E02D4F1B211D7F0006C843 /* Main.storyboard in Resources */,
				E3E02D541B211D7F0006C843 /* LaunchScreen.xib in Resources */,
				E3E02D511B211D7F0006C843 /* Images.xcassets in Resources */,
			);
			runOnlyForDeploymentPostprocessing = 0;
		};
		E3E02D571B211D7F0006C843 /* Resources */ = {
			isa = PBXResourcesBuildPhase;
			buildActionMask = 2147483647;
			files = (
			);
			runOnlyForDeploymentPostprocessing = 0;
		};
/* End PBXResourcesBuildPhase section */

/* Begin PBXSourcesBuildPhase section */
		E3E02D401B211D7E0006C843 /* Sources */ = {
			isa = PBXSourcesBuildPhase;
			buildActionMask = 2147483647;
			files = (
				E3E02D4C1B211D7F0006C843 /* ViewController.swift in Sources */,
				E3E02D4A1B211D7F0006C843 /* AppDelegate.swift in Sources */,
			);
			runOnlyForDeploymentPostprocessing = 0;
		};
		E3E02D551B211D7F0006C843 /* Sources */ = {
			isa = PBXSourcesBuildPhase;
			buildActionMask = 2147483647;
			files = (
				E3E02D601B211D7F0006C843 /* E_TableViewTests.swift in Sources */,
			);
			runOnlyForDeploymentPostprocessing = 0;
		};
/* End PBXSourcesBuildPhase section */

/* Begin PBXTargetDependency section */
		E3E02D5B1B211D7F0006C843 /* PBXTargetDependency */ = {
			isa = PBXTargetDependency;
			target = E3E02D431B211D7E0006C843 /* E_TableView */;
			targetProxy = E3E02D5A1B211D7F0006C843 /* PBXContainerItemProxy */;
		};
/* End PBXTargetDependency section */

/* Begin PBXVariantGroup section */
		E3E02D4D1B211D7F0006C843 /* Main.storyboard */ = {
			isa = PBXVariantGroup;
			children = (
				E3E02D4E1B211D7F0006C843 /* Base */,
			);
			name = Main.storyboard;
			sourceTree = "<group>";
		};
		E3E02D521B211D7F0006C843 /* LaunchScreen.xib */ = {
			isa = PBXVariantGroup;
			children = (
				E3E02D531B211D7F0006C843 /* Base */,
			);
			name = LaunchScreen.xib;
			sourceTree = "<group>";
		};
/* End PBXVariantGroup section */

/* Begin XCBuildConfiguration section */
		E3E02D611B211D7F0006C843 /* Debug */ = {
			isa = XCBuildConfiguration;
			buildSettings = {
				ALWAYS_SEARCH_USER_PATHS = NO;
				CLANG_CXX_LANGUAGE_STANDARD = "gnu++0x";
				CLANG_CXX_LIBRARY = "libc++";
				CLANG_ENABLE_MODULES = YES;
				CLANG_ENABLE_OBJC_ARC = YES;
				CLANG_WARN_BOOL_CONVERSION = YES;
				CLANG_WARN_CONSTANT_CONVERSION = YES;
				CLANG_WARN_DIRECT_OBJC_ISA_USAGE = YES_ERROR;
				CLANG_WARN_EMPTY_BODY = YES;
				CLANG_WARN_ENUM_CONVERSION = YES;
				CLANG_WARN_INT_CONVERSION = YES;
				CLANG_WARN_OBJC_ROOT_CLASS = YES_ERROR;
				CLANG_WARN_UNREACHABLE_CODE = YES;
				CLANG_WARN__DUPLICATE_METHOD_MATCH = YES;
				"CODE_SIGN_IDENTITY[sdk=iphoneos*]" = "iPhone Developer";
				COPY_PHASE_STRIP = NO;
				ENABLE_STRICT_OBJC_MSGSEND = YES;
				GCC_C_LANGUAGE_STANDARD = gnu99;
				GCC_DYNAMIC_NO_PIC = NO;
				GCC_OPTIMIZATION_LEVEL = 0;
				GCC_PREPROCESSOR_DEFINITIONS = (
					"DEBUG=1",
					"$(inherited)",
				);
				GCC_SYMBOLS_PRIVATE_EXTERN = NO;
				GCC_WARN_64_TO_32_BIT_CONVERSION = YES;
				GCC_WARN_ABOUT_RETURN_TYPE = YES_ERROR;
				GCC_WARN_UNDECLARED_SELECTOR = YES;
				GCC_WARN_UNINITIALIZED_AUTOS = YES_AGGRESSIVE;
				GCC_WARN_UNUSED_FUNCTION = YES;
				GCC_WARN_UNUSED_VARIABLE = YES;
				IPHONEOS_DEPLOYMENT_TARGET = 8.1;
				MTL_ENABLE_DEBUG_INFO = YES;
				ONLY_ACTIVE_ARCH = YES;
				SDKROOT = iphoneos;
				SWIFT_OPTIMIZATION_LEVEL = "-Onone";
				TARGETED_DEVICE_FAMILY = "1,2";
			};
			name = Debug;
		};
		E3E02D621B211D7F0006C843 /* Release */ = {
			isa = XCBuildConfiguration;
			buildSettings = {
				ALWAYS_SEARCH_USER_PATHS = NO;
				CLANG_CXX_LANGUAGE_STANDARD = "gnu++0x";
				CLANG_CXX_LIBRARY = "libc++";
				CLANG_ENABLE_MODULES = YES;
				CLANG_ENABLE_OBJC_ARC = YES;
				CLANG_WARN_BOOL_CONVERSION = YES;
				CLANG_WARN_CONSTANT_CONVERSION = YES;
				CLANG_WARN_DIRECT_OBJC_ISA_USAGE = YES_ERROR;
				CLANG_WARN_EMPTY_BODY = YES;
				CLANG_WARN_ENUM_CONVERSION = YES;
				CLANG_WARN_INT_CONVERSION = YES;
				CLANG_WARN_OBJC_ROOT_CLASS = YES_ERROR;
				CLANG_WARN_UNREACHABLE_CODE = YES;
				CLANG_WARN__DUPLICATE_METHOD_MATCH = YES;
				"CODE_SIGN_IDENTITY[sdk=iphoneos*]" = "iPhone Developer";
				COPY_PHASE_STRIP = YES;
				ENABLE_NS_ASSERTIONS = NO;
				ENABLE_STRICT_OBJC_MSGSEND = YES;
				GCC_C_LANGUAGE_STANDARD = gnu99;
				GCC_WARN_64_TO_32_BIT_CONVERSION = YES;
				GCC_WARN_ABOUT_RETURN_TYPE = YES_ERROR;
				GCC_WARN_UNDECLARED_SELECTOR = YES;
				GCC_WARN_UNINITIALIZED_AUTOS = YES_AGGRESSIVE;
				GCC_WARN_UNUSED_FUNCTION = YES;
				GCC_WARN_UNUSED_VARIABLE = YES;
				IPHONEOS_DEPLOYMENT_TARGET = 8.1;
				MTL_ENABLE_DEBUG_INFO = NO;
				SDKROOT = iphoneos;
				TARGETED_DEVICE_FAMILY = "1,2";
				VALIDATE_PRODUCT = YES;
			};
			name = Release;
		};
		E3E02D641B211D7F0006C843 /* Debug */ = {
			isa = XCBuildConfiguration;
			buildSettings = {
				ASSETCATALOG_COMPILER_APPICON_NAME = AppIcon;
				INFOPLIST_FILE = E_TableView/Info.plist;
				LD_RUNPATH_SEARCH_PATHS = "$(inherited) @executable_path/Frameworks";
				PRODUCT_NAME = "$(TARGET_NAME)";
			};
			name = Debug;
		};
		E3E02D651B211D7F0006C843 /* Release */ = {
			isa = XCBuildConfiguration;
			buildSettings = {
				ASSETCATALOG_COMPILER_APPICON_NAME = AppIcon;
				INFOPLIST_FILE = E_TableView/Info.plist;
				LD_RUNPATH_SEARCH_PATHS = "$(inherited) @executable_path/Frameworks";
				PRODUCT_NAME = "$(TARGET_NAME)";
			};
			name = Release;
		};
		E3E02D671B211D7F0006C843 /* Debug */ = {
			isa = XCBuildConfiguration;
			buildSettings = {
				BUNDLE_LOADER = "$(TEST_HOST)";
				FRAMEWORK_SEARCH_PATHS = (
					"$(SDKROOT)/Developer/Library/Frameworks",
					"$(inherited)",
				);
				GCC_PREPROCESSOR_DEFINITIONS = (
					"DEBUG=1",
					"$(inherited)",
				);
				INFOPLIST_FILE = E_TableViewTests/Info.plist;
				LD_RUNPATH_SEARCH_PATHS = "$(inherited) @executable_path/Frameworks @loader_path/Frameworks";
				PRODUCT_NAME = "$(TARGET_NAME)";
				TEST_HOST = "$(BUILT_PRODUCTS_DIR)/E_TableView.app/E_TableView";
			};
			name = Debug;
		};
		E3E02D681B211D7F0006C843 /* Release */ = {
			isa = XCBuildConfiguration;
			buildSettings = {
				BUNDLE_LOADER = "$(TEST_HOST)";
				FRAMEWORK_SEARCH_PATHS = (
					"$(SDKROOT)/Developer/Library/Frameworks",
					"$(inherited)",
				);
				INFOPLIST_FILE = E_TableViewTests/Info.plist;
				LD_RUNPATH_SEARCH_PATHS = "$(inherited) @executable_path/Frameworks @loader_path/Frameworks";
				PRODUCT_NAME = "$(TARGET_NAME)";
				TEST_HOST = "$(BUILT_PRODUCTS_DIR)/E_TableView.app/E_TableView";
			};
			name = Release;
		};
/* End XCBuildConfiguration section */

/* Begin XCConfigurationList section */
		E3E02D3F1B211D7E0006C843 /* Build configuration list for PBXProject "E_TableView" */ = {
			isa = XCConfigurationList;
			buildConfigurations = (
				E3E02D611B211D7F0006C843 /* Debug */,
				E3E02D621B211D7F0006C843 /* Release */,
			);
			defaultConfigurationIsVisible = 0;
			defaultConfigurationName = Release;
		};
		E3E02D631B211D7F0006C843 /* Build configuration list for PBXNativeTarget "E_TableView" */ = {
			isa = XCConfigurationList;
			buildConfigurations = (
				E3E02D641B211D7F0006C843 /* Debug */,
				E3E02D651B211D7F0006C843 /* Release */,
			);
			defaultConfigurationIsVisible = 0;
		};
		E3E02D661B211D7F0006C843 /* Build configuration list for PBXNativeTarget "E_TableViewTests" */ = {
			isa = XCConfigurationList;
			buildConfigurations = (
				E3E02D671B211D7F0006C843 /* Debug */,
				E3E02D681B211D7F0006C843 /* Release */,
			);
			defaultConfigurationIsVisible = 0;
		};
/* End XCConfigurationList section */
	};
	rootObject = E3E02D3C1B211D7E0006C843 /* Project object */;
}
